
Microsoft Visual Studio Solution File, Format Version 12.00
# Visual Studio Version 17
VisualStudioVersion = 17.8.34330.188
MinimumVisualStudioVersion = 10.0.40219.1
Project("{9A19103F-16F7-4668-BE54-9A1E7A4F7556}") = "Backend", "Backend\Backend.csproj", "{705A4AFB-058C-4118-A0DA-86C75C690E6D}"
EndProject
Project("{9A19103F-16F7-4668-BE54-9A1E7A4F7556}") = "Db", "Db\Db.csproj", "{796656CB-FE1D-4C64-A316-CC342BBF01D6}"
EndProject
Project("{9A19103F-16F7-4668-BE54-9A1E7A4F7556}") = "Core", "Core\Core.csproj", "{1B3EF4C7-D241-4BD9-8E43-B593CF0FB5A6}"
EndProject
Global
	GlobalSection(SolutionConfigurationPlatforms) = preSolution
		Debug|Any CPU = Debug|Any CPU
		Release|Any CPU = Release|Any CPU
	EndGlobalSection
	GlobalSection(ProjectConfigurationPlatforms) = postSolution
		{705A4AFB-058C-4118-A0DA-86C75C690E6D}.Debug|Any CPU.ActiveCfg = Debug|Any CPU
		{705A4AFB-058C-4118-A0DA-86C75C690E6D}.Debug|Any CPU.Build.0 = Debug|Any CPU
		{705A4AFB-058C-4118-A0DA-86C75C690E6D}.Release|Any CPU.ActiveCfg = Release|Any CPU
		{705A4AFB-058C-4118-A0DA-86C75C690E6D}.Release|Any CPU.Build.0 = Release|Any CPU
		{796656CB-FE1D-4C64-A316-CC342BBF01D6}.Debug|Any CPU.ActiveCfg = Debug|Any CPU
		{796656CB-FE1D-4C64-A316-CC342BBF01D6}.Debug|Any CPU.Build.0 = Debug|Any CPU
		{796656CB-FE1D-4C64-A316-CC342BBF01D6}.Release|Any CPU.ActiveCfg = Release|Any CPU
		{796656CB-FE1D-4C64-A316-CC342BBF01D6}.Release|Any CPU.Build.0 = Release|Any CPU
		{1B3EF4C7-D241-4BD9-8E43-B593CF0FB5A6}.Debug|Any CPU.ActiveCfg = Debug|Any CPU
		{1B3EF4C7-D241-4BD9-8E43-B593CF0FB5A6}.Debug|Any CPU.Build.0 = Debug|Any CPU
		{1B3EF4C7-D241-4BD9-8E43-B593CF0FB5A6}.Release|Any CPU.ActiveCfg = Release|Any CPU
		{1B3EF4C7-D241-4BD9-8E43-B593CF0FB5A6}.Release|Any CPU.Build.0 = Release|Any CPU
	EndGlobalSection
	GlobalSection(SolutionProperties) = preSolution
		HideSolutionNode = FALSE
	EndGlobalSection
	GlobalSection(ExtensibilityGlobals) = postSolution
		SolutionGuid = {894538D6-E9EC-4A11-9CB6-9D056B2F5A5F}
	EndGlobalSection
EndGlobal
